
Microsoft Visual Studio Solution File, Format Version 12.00
# Visual Studio Version 17
VisualStudioVersion = 17.8.34511.84
MinimumVisualStudioVersion = 10.0.40219.1
Project("{9A19103F-16F7-4668-BE54-9A1E7A4F7556}") = "FormulaEvaluator", "FormulaEvaluator\FormulaEvaluator.csproj", "{3876D95B-2832-4F41-8F20-42906BABAFBF}"
EndProject
Project("{9A19103F-16F7-4668-BE54-9A1E7A4F7556}") = "FormulaEvaluatorTester", "FormulaEvaluatorTester\FormulaEvaluatorTester.csproj", "{DEADE8BC-D69A-4DA8-B131-0EF1E2138104}"
EndProject
Project("{9A19103F-16F7-4668-BE54-9A1E7A4F7556}") = "DependencyGraph", "DependencyGraph\DependencyGraph.csproj", "{E486B17D-ACBA-45A2-9604-C24D6DA92A8B}"
EndProject
Project("{9A19103F-16F7-4668-BE54-9A1E7A4F7556}") = "DependencyGraphTests", "DependencyGraphTests\DependencyGraphTests.csproj", "{16C2BA63-3380-4053-BBB4-B67493EABA2C}"
EndProject
Project("{9A19103F-16F7-4668-BE54-9A1E7A4F7556}") = "Formula", "Formula\Formula.csproj", "{F9083B04-FF3F-45AB-AE4D-17E592D58BB1}"
EndProject
Project("{9A19103F-16F7-4668-BE54-9A1E7A4F7556}") = "FormulaTests", "FormulaTests\FormulaTests.csproj", "{BA7F3BBE-41FC-4B93-A6F8-D154937778AE}"
EndProject
Project("{9A19103F-16F7-4668-BE54-9A1E7A4F7556}") = "Spreadsheet", "Spreadsheet\Spreadsheet.csproj", "{FF3ADD31-6F03-48F9-B3C7-335175A23061}"
EndProject
Project("{9A19103F-16F7-4668-BE54-9A1E7A4F7556}") = "SpreadsheetTests", "SpreadsheetTests\SpreadsheetTests.csproj", "{C051FACC-1F65-4CD7-B875-290158337A4C}"
EndProject
Project("{9A19103F-16F7-4668-BE54-9A1E7A4F7556}") = "GUI", "GUI\GUI.csproj", "{269F1AD5-A3BE-44AC-99D7-19A9C0A714EC}"
EndProject
Global
	GlobalSection(SolutionConfigurationPlatforms) = preSolution
		Debug|Any CPU = Debug|Any CPU
		Release|Any CPU = Release|Any CPU
	EndGlobalSection
	GlobalSection(ProjectConfigurationPlatforms) = postSolution
		{3876D95B-2832-4F41-8F20-42906BABAFBF}.Debug|Any CPU.ActiveCfg = Debug|Any CPU
		{3876D95B-2832-4F41-8F20-42906BABAFBF}.Debug|Any CPU.Build.0 = Debug|Any CPU
		{3876D95B-2832-4F41-8F20-42906BABAFBF}.Release|Any CPU.ActiveCfg = Release|Any CPU
		{3876D95B-2832-4F41-8F20-42906BABAFBF}.Release|Any CPU.Build.0 = Release|Any CPU
		{DEADE8BC-D69A-4DA8-B131-0EF1E2138104}.Debug|Any CPU.ActiveCfg = Debug|Any CPU
		{DEADE8BC-D69A-4DA8-B131-0EF1E2138104}.Debug|Any CPU.Build.0 = Debug|Any CPU
		{DEADE8BC-D69A-4DA8-B131-0EF1E2138104}.Release|Any CPU.ActiveCfg = Release|Any CPU
		{DEADE8BC-D69A-4DA8-B131-0EF1E2138104}.Release|Any CPU.Build.0 = Release|Any CPU
		{E486B17D-ACBA-45A2-9604-C24D6DA92A8B}.Debug|Any CPU.ActiveCfg = Debug|Any CPU
		{E486B17D-ACBA-45A2-9604-C24D6DA92A8B}.Debug|Any CPU.Build.0 = Debug|Any CPU
		{E486B17D-ACBA-45A2-9604-C24D6DA92A8B}.Release|Any CPU.ActiveCfg = Release|Any CPU
		{E486B17D-ACBA-45A2-9604-C24D6DA92A8B}.Release|Any CPU.Build.0 = Release|Any CPU
		{16C2BA63-3380-4053-BBB4-B67493EABA2C}.Debug|Any CPU.ActiveCfg = Debug|Any CPU
		{16C2BA63-3380-4053-BBB4-B67493EABA2C}.Debug|Any CPU.Build.0 = Debug|Any CPU
		{16C2BA63-3380-4053-BBB4-B67493EABA2C}.Release|Any CPU.ActiveCfg = Release|Any CPU
		{16C2BA63-3380-4053-BBB4-B67493EABA2C}.Release|Any CPU.Build.0 = Release|Any CPU
		{F9083B04-FF3F-45AB-AE4D-17E592D58BB1}.Debug|Any CPU.ActiveCfg = Debug|Any CPU
		{F9083B04-FF3F-45AB-AE4D-17E592D58BB1}.Debug|Any CPU.Build.0 = Debug|Any CPU
		{F9083B04-FF3F-45AB-AE4D-17E592D58BB1}.Release|Any CPU.ActiveCfg = Release|Any CPU
		{F9083B04-FF3F-45AB-AE4D-17E592D58BB1}.Release|Any CPU.Build.0 = Release|Any CPU
		{BA7F3BBE-41FC-4B93-A6F8-D154937778AE}.Debug|Any CPU.ActiveCfg = Debug|Any CPU
		{BA7F3BBE-41FC-4B93-A6F8-D154937778AE}.Debug|Any CPU.Build.0 = Debug|Any CPU
		{BA7F3BBE-41FC-4B93-A6F8-D154937778AE}.Release|Any CPU.ActiveCfg = Release|Any CPU
		{BA7F3BBE-41FC-4B93-A6F8-D154937778AE}.Release|Any CPU.Build.0 = Release|Any CPU
		{FF3ADD31-6F03-48F9-B3C7-335175A23061}.Debug|Any CPU.ActiveCfg = Debug|Any CPU
		{FF3ADD31-6F03-48F9-B3C7-335175A23061}.Debug|Any CPU.Build.0 = Debug|Any CPU
		{FF3ADD31-6F03-48F9-B3C7-335175A23061}.Release|Any CPU.ActiveCfg = Release|Any CPU
		{FF3ADD31-6F03-48F9-B3C7-335175A23061}.Release|Any CPU.Build.0 = Release|Any CPU
		{C051FACC-1F65-4CD7-B875-290158337A4C}.Debug|Any CPU.ActiveCfg = Debug|Any CPU
		{C051FACC-1F65-4CD7-B875-290158337A4C}.Debug|Any CPU.Build.0 = Debug|Any CPU
		{C051FACC-1F65-4CD7-B875-290158337A4C}.Release|Any CPU.ActiveCfg = Release|Any CPU
		{C051FACC-1F65-4CD7-B875-290158337A4C}.Release|Any CPU.Build.0 = Release|Any CPU
		{269F1AD5-A3BE-44AC-99D7-19A9C0A714EC}.Debug|Any CPU.ActiveCfg = Debug|Any CPU
		{269F1AD5-A3BE-44AC-99D7-19A9C0A714EC}.Debug|Any CPU.Build.0 = Debug|Any CPU
		{269F1AD5-A3BE-44AC-99D7-19A9C0A714EC}.Debug|Any CPU.Deploy.0 = Debug|Any CPU
		{269F1AD5-A3BE-44AC-99D7-19A9C0A714EC}.Release|Any CPU.ActiveCfg = Release|Any CPU
		{269F1AD5-A3BE-44AC-99D7-19A9C0A714EC}.Release|Any CPU.Build.0 = Release|Any CPU
		{269F1AD5-A3BE-44AC-99D7-19A9C0A714EC}.Release|Any CPU.Deploy.0 = Release|Any CPU
	EndGlobalSection
	GlobalSection(SolutionProperties) = preSolution
		HideSolutionNode = FALSE
	EndGlobalSection
	GlobalSection(ExtensibilityGlobals) = postSolution
		SolutionGuid = {E4E35CCD-9233-4920-B336-7742EC736B01}
	EndGlobalSection
EndGlobal
